Microsoft Visual Studio Solution File, Format Version 12.00
# Visual Studio Version 17
VisualStudioVersion = 17.5.2.0
MinimumVisualStudioVersion = 10.0.40219.1
Project("{FAE04EC0-301F-11D3-BF4B-00C04F79EFBC}") = "Jogo_da_Velha", "Jogo_da_Velha.csproj", "{1106CFE5-679E-90B5-3452-2A7F6AC5F402}"
EndProject
Global
	GlobalSection(SolutionConfigurationPlatforms) = preSolution
		Debug|Any CPU = Debug|Any CPU
		Release|Any CPU = Release|Any CPU
	EndGlobalSection
	GlobalSection(ProjectConfigurationPlatforms) = postSolution
		{1106CFE5-679E-90B5-3452-2A7F6AC5F402}.Debug|Any CPU.ActiveCfg = Debug|Any CPU
		{1106CFE5-679E-90B5-3452-2A7F6AC5F402}.Debug|Any CPU.Build.0 = Debug|Any CPU
		{1106CFE5-679E-90B5-3452-2A7F6AC5F402}.Release|Any CPU.ActiveCfg = Release|Any CPU
		{1106CFE5-679E-90B5-3452-2A7F6AC5F402}.Release|Any CPU.Build.0 = Release|Any CPU
	EndGlobalSection
	GlobalSection(SolutionProperties) = preSolution
		HideSolutionNode = FALSE
	EndGlobalSection
	GlobalSection(ExtensibilityGlobals) = postSolution
		SolutionGuid = {CB4150AE-50FC-4E26-AE97-D43AF6C89108}
	EndGlobalSection
EndGlobal
